
Microsoft Visual Studio Solution File, Format Version 12.00
# Visual Studio 2015
Project("{FAE04EC0-301F-11D3-BF4B-00C04F79EFBC}") = "VR-Fort-Builder", "VR-Fort-Builder.csproj", "{7B6298F3-B9D3-E9F1-87FB-11F143FD0594}"
EndProject
Project("{FAE04EC0-301F-11D3-BF4B-00C04F79EFBC}") = "VR-Fort-Builder.Editor", "VR-Fort-Builder.Editor.csproj", "{12FCBDF1-4C76-2B4B-B091-090FFF59C28C}"
EndProject
Global
	GlobalSection(SolutionConfigurationPlatforms) = preSolution
		Debug|Any CPU = Debug|Any CPU
		Release|Any CPU = Release|Any CPU
	EndGlobalSection
	GlobalSection(ProjectConfigurationPlatforms) = postSolution
		{7B6298F3-B9D3-E9F1-87FB-11F143FD0594}.Debug|Any CPU.ActiveCfg = Debug|Any CPU
		{7B6298F3-B9D3-E9F1-87FB-11F143FD0594}.Debug|Any CPU.Build.0 = Debug|Any CPU
		{7B6298F3-B9D3-E9F1-87FB-11F143FD0594}.Release|Any CPU.ActiveCfg = Release|Any CPU
		{7B6298F3-B9D3-E9F1-87FB-11F143FD0594}.Release|Any CPU.Build.0 = Release|Any CPU
		{12FCBDF1-4C76-2B4B-B091-090FFF59C28C}.Debug|Any CPU.ActiveCfg = Debug|Any CPU
		{12FCBDF1-4C76-2B4B-B091-090FFF59C28C}.Debug|Any CPU.Build.0 = Debug|Any CPU
		{12FCBDF1-4C76-2B4B-B091-090FFF59C28C}.Release|Any CPU.ActiveCfg = Release|Any CPU
		{12FCBDF1-4C76-2B4B-B091-090FFF59C28C}.Release|Any CPU.Build.0 = Release|Any CPU
	EndGlobalSection
	GlobalSection(SolutionProperties) = preSolution
		HideSolutionNode = FALSE
	EndGlobalSection
EndGlobal
